
Microsoft Visual Studio Solution File, Format Version 12.00
Project("{FAE04EC0-301F-11D3-BF4B-00C04F79EFBC}") = "Client", "Client\Client.csproj", "{ED4179C1-AB42-4CBD-ACC5-A3060B544FDA}"
EndProject
Project("{FAE04EC0-301F-11D3-BF4B-00C04F79EFBC}") = "ServerChat", "ServerChat\ServerChat.csproj", "{DD77F70E-EE03-422F-95FF-8F6296D04976}"
EndProject
Project("{FAE04EC0-301F-11D3-BF4B-00C04F79EFBC}") = "ServerChatLogin", "ServerChatLogin\ServerChatLogin.csproj", "{EBAC3329-7087-4F2F-AAB7-BEDD5610F34A}"
EndProject
Global
	GlobalSection(SolutionConfigurationPlatforms) = preSolution
		Debug|Any CPU = Debug|Any CPU
		Release|Any CPU = Release|Any CPU
	EndGlobalSection
	GlobalSection(ProjectConfigurationPlatforms) = postSolution
		{ED4179C1-AB42-4CBD-ACC5-A3060B544FDA}.Debug|Any CPU.ActiveCfg = Debug|Any CPU
		{ED4179C1-AB42-4CBD-ACC5-A3060B544FDA}.Debug|Any CPU.Build.0 = Debug|Any CPU
		{ED4179C1-AB42-4CBD-ACC5-A3060B544FDA}.Release|Any CPU.ActiveCfg = Release|Any CPU
		{ED4179C1-AB42-4CBD-ACC5-A3060B544FDA}.Release|Any CPU.Build.0 = Release|Any CPU
		{DD77F70E-EE03-422F-95FF-8F6296D04976}.Debug|Any CPU.ActiveCfg = Debug|Any CPU
		{DD77F70E-EE03-422F-95FF-8F6296D04976}.Debug|Any CPU.Build.0 = Debug|Any CPU
		{DD77F70E-EE03-422F-95FF-8F6296D04976}.Release|Any CPU.ActiveCfg = Release|Any CPU
		{DD77F70E-EE03-422F-95FF-8F6296D04976}.Release|Any CPU.Build.0 = Release|Any CPU
		{EBAC3329-7087-4F2F-AAB7-BEDD5610F34A}.Debug|Any CPU.ActiveCfg = Debug|Any CPU
		{EBAC3329-7087-4F2F-AAB7-BEDD5610F34A}.Debug|Any CPU.Build.0 = Debug|Any CPU
		{EBAC3329-7087-4F2F-AAB7-BEDD5610F34A}.Release|Any CPU.ActiveCfg = Release|Any CPU
		{EBAC3329-7087-4F2F-AAB7-BEDD5610F34A}.Release|Any CPU.Build.0 = Release|Any CPU
	EndGlobalSection
EndGlobal
